
Microsoft Visual Studio Solution File, Format Version 12.00
# Visual Studio Version 17
VisualStudioVersion = 17.14.36109.1 d17.14
MinimumVisualStudioVersion = 10.0.40219.1
Project("{FAE04EC0-301F-11D3-BF4B-00C04F79EFBC}") = "WebView2BuildIssue", "WebView2BuildIssue.csproj", "{8D1F67DD-90AB-1B59-B23E-DFE2B3645032}"
EndProject
Project("{2150E333-8FDC-42A3-9474-1A3956D46DE8}") = "Pipelines", "Pipelines", "{02EA681E-C7D8-13C7-8484-4AC65E1B71E8}"
	ProjectSection(SolutionItems) = preProject
		AzurePipeline.yml = AzurePipeline.yml
		.github\workflows\main.yml = .github\workflows\main.yml
	EndProjectSection
EndProject
Global
	GlobalSection(SolutionConfigurationPlatforms) = preSolution
		Debug|Any CPU = Debug|Any CPU
		Release|Any CPU = Release|Any CPU
	EndGlobalSection
	GlobalSection(ProjectConfigurationPlatforms) = postSolution
		{8D1F67DD-90AB-1B59-B23E-DFE2B3645032}.Debug|Any CPU.ActiveCfg = Debug|Any CPU
		{8D1F67DD-90AB-1B59-B23E-DFE2B3645032}.Debug|Any CPU.Build.0 = Debug|Any CPU
		{8D1F67DD-90AB-1B59-B23E-DFE2B3645032}.Release|Any CPU.ActiveCfg = Release|Any CPU
		{8D1F67DD-90AB-1B59-B23E-DFE2B3645032}.Release|Any CPU.Build.0 = Release|Any CPU
	EndGlobalSection
	GlobalSection(SolutionProperties) = preSolution
		HideSolutionNode = FALSE
	EndGlobalSection
	GlobalSection(ExtensibilityGlobals) = postSolution
		SolutionGuid = {DA01BECB-B600-4D15-9C46-2014AF6C26AF}
	EndGlobalSection
EndGlobal
